
Microsoft Visual Studio Solution File, Format Version 12.00
# Visual Studio Version 17
VisualStudioVersion = 17.9.34728.123
MinimumVisualStudioVersion = 10.0.40219.1
Project("{FAE04EC0-301F-11D3-BF4B-00C04F79EFBC}") = "FITrack", "FITrack.csproj", "{B74B4787-52E1-47C1-B8DD-6FDA06948BB9}"
EndProject
Global
	GlobalSection(SolutionConfigurationPlatforms) = preSolution
		Debug|Any CPU = Debug|Any CPU
		Release|Any CPU = Release|Any CPU
	EndGlobalSection
	GlobalSection(ProjectConfigurationPlatforms) = postSolution
		{B74B4787-52E1-47C1-B8DD-6FDA06948BB9}.Debug|Any CPU.ActiveCfg = Debug|Any CPU
		{B74B4787-52E1-47C1-B8DD-6FDA06948BB9}.Debug|Any CPU.Build.0 = Debug|Any CPU
		{B74B4787-52E1-47C1-B8DD-6FDA06948BB9}.Release|Any CPU.ActiveCfg = Release|Any CPU
		{B74B4787-52E1-47C1-B8DD-6FDA06948BB9}.Release|Any CPU.Build.0 = Release|Any CPU
	EndGlobalSection
	GlobalSection(SolutionProperties) = preSolution
		HideSolutionNode = FALSE
	EndGlobalSection
	GlobalSection(ExtensibilityGlobals) = postSolution
		SolutionGuid = {B20DE726-C0BD-4477-9A3D-21D7C51F63F8}
	EndGlobalSection
EndGlobal
